
Microsoft Visual Studio Solution File, Format Version 12.00
# Visual Studio Version 17
VisualStudioVersion = 17.14.37111.16
MinimumVisualStudioVersion = 10.0.40219.1
Project("{FAE04EC0-301F-11D3-BF4B-00C04F79EFBC}") = "Dependency injection", "Dependency injection.csproj", "{E9F9259F-916F-4911-BACE-39EB66C650E7}"
EndProject
Project("{FAE04EC0-301F-11D3-BF4B-00C04F79EFBC}") = "Dependency Injection with DB", "..\Dependency Injection with DB\Dependency Injection with DB.csproj", "{59AB1AB7-0EC5-4742-A68B-CB5ADF6F0EF9}"
EndProject
Project("{FAE04EC0-301F-11D3-BF4B-00C04F79EFBC}") = "JWT", "..\JWT\JWT.csproj", "{5C027D80-1110-474E-B2FD-425651E7A620}"
EndProject
Project("{FAE04EC0-301F-11D3-BF4B-00C04F79EFBC}") = "JWT.DTO", "..\JWT.DTO\JWT.DTO.csproj", "{F6C7EC14-2551-4463-8C67-AC7B74FF6651}"
EndProject
Project("{2150E333-8FDC-42A3-9474-1A3956D46DE8}") = "Solution Items", "Solution Items", "{02EA681E-C7D8-13C7-8484-4AC65E1B71E8}"
	ProjectSection(SolutionItems) = preProject
		.editorconfig = .editorconfig
	EndProjectSection
EndProject
Project("{FAE04EC0-301F-11D3-BF4B-00C04F79EFBC}") = "Inbuild Caching", "..\Inbuild Caching\Inbuild Caching.csproj", "{D27BF7FB-502E-4497-958C-9CB9AA211914}"
EndProject
Project("{FAE04EC0-301F-11D3-BF4B-00C04F79EFBC}") = "Redis", "..\Redis\Redis.csproj", "{FA42FA59-4EE5-4494-A9E2-F1CE572FB815}"
EndProject
Project("{FAE04EC0-301F-11D3-BF4B-00C04F79EFBC}") = "TOTP", "..\TOTP\TOTP.csproj", "{9381F8AF-CA7C-4A0E-A54C-6F6BEB1BCACB}"
EndProject
Project("{FAE04EC0-301F-11D3-BF4B-00C04F79EFBC}") = "Password Hasing", "..\Password Hasing\Password Hasing.csproj", "{67EC38BA-FA8E-4CDE-BD50-6E9A74ED2F4C}"
EndProject
Project("{FAE04EC0-301F-11D3-BF4B-00C04F79EFBC}") = "FilesUploading", "..\FilesUploading\FilesUploading.csproj", "{5AB7FB72-1E55-42A4-AE8B-687E6F80A872}"
EndProject
Project("{FAE04EC0-301F-11D3-BF4B-00C04F79EFBC}") = "WebApp_Identity", "..\WebApp_Identity\WebApp_Identity.csproj", "{3CF438A1-FF5C-41BE-9AF5-AF011FE527A6}"
EndProject
Project("{FAE04EC0-301F-11D3-BF4B-00C04F79EFBC}") = "Pagination", "..\Pagination\Pagination.csproj", "{2200617C-A6B2-4B0B-B7FE-2454E7EEBB51}"
EndProject
Project("{FAE04EC0-301F-11D3-BF4B-00C04F79EFBC}") = "EasyNetQ (Rabbit MQ) Publisher", "..\EasyNetQ (Rabbit MQ)\EasyNetQ (Rabbit MQ) Publisher.csproj", "{ADDCBD7D-111C-4C46-9ACF-6F1826A86804}"
EndProject
Project("{FAE04EC0-301F-11D3-BF4B-00C04F79EFBC}") = "EasyNetQ (Rabbit MQ) Subscriber", "..\EasyNetQ (Rabbit MQ) Subscriber\EasyNetQ (Rabbit MQ) Subscriber.csproj", "{C10CF045-25E2-4FA6-83C1-3E3E5E6171DE}"
EndProject
Project("{FAE04EC0-301F-11D3-BF4B-00C04F79EFBC}") = "Messages", "..\Messages\Messages.csproj", "{CF79E624-9EDA-4FE1-9A25-BAFA85853D5B}"
EndProject
Project("{FAE04EC0-301F-11D3-BF4B-00C04F79EFBC}") = "RabbitMq.Consumer", "..\RabbitMq.Consumer\RabbitMq.Consumer.csproj", "{4F4A0C52-A9D1-4555-967A-5FE5B8C01DD3}"
EndProject
Project("{FAE04EC0-301F-11D3-BF4B-00C04F79EFBC}") = "RabbitMq.Producer", "..\RabbitMq.Producer\RabbitMq.Producer.csproj", "{E29D9470-AB66-41CF-AF91-310905D2D5FE}"
EndProject
Project("{FAE04EC0-301F-11D3-BF4B-00C04F79EFBC}") = "Api Versioning", "..\Api Versioning\Api Versioning.csproj", "{59449D6B-9E2D-4234-BEFD-03E9A89FF8D8}"
EndProject
Global
	GlobalSection(SolutionConfigurationPlatforms) = preSolution
		Debug|Any CPU = Debug|Any CPU
		Release|Any CPU = Release|Any CPU
	EndGlobalSection
	GlobalSection(ProjectConfigurationPlatforms) = postSolution
		{E9F9259F-916F-4911-BACE-39EB66C650E7}.Debug|Any CPU.ActiveCfg = Debug|Any CPU
		{E9F9259F-916F-4911-BACE-39EB66C650E7}.Debug|Any CPU.Build.0 = Debug|Any CPU
		{E9F9259F-916F-4911-BACE-39EB66C650E7}.Release|Any CPU.ActiveCfg = Release|Any CPU
		{E9F9259F-916F-4911-BACE-39EB66C650E7}.Release|Any CPU.Build.0 = Release|Any CPU
		{59AB1AB7-0EC5-4742-A68B-CB5ADF6F0EF9}.Debug|Any CPU.ActiveCfg = Debug|Any CPU
		{59AB1AB7-0EC5-4742-A68B-CB5ADF6F0EF9}.Debug|Any CPU.Build.0 = Debug|Any CPU
		{59AB1AB7-0EC5-4742-A68B-CB5ADF6F0EF9}.Release|Any CPU.ActiveCfg = Release|Any CPU
		{59AB1AB7-0EC5-4742-A68B-CB5ADF6F0EF9}.Release|Any CPU.Build.0 = Release|Any CPU
		{5C027D80-1110-474E-B2FD-425651E7A620}.Debug|Any CPU.ActiveCfg = Debug|Any CPU
		{5C027D80-1110-474E-B2FD-425651E7A620}.Debug|Any CPU.Build.0 = Debug|Any CPU
		{5C027D80-1110-474E-B2FD-425651E7A620}.Release|Any CPU.ActiveCfg = Release|Any CPU
		{5C027D80-1110-474E-B2FD-425651E7A620}.Release|Any CPU.Build.0 = Release|Any CPU
		{F6C7EC14-2551-4463-8C67-AC7B74FF6651}.Debug|Any CPU.ActiveCfg = Debug|Any CPU
		{F6C7EC14-2551-4463-8C67-AC7B74FF6651}.Debug|Any CPU.Build.0 = Debug|Any CPU
		{F6C7EC14-2551-4463-8C67-AC7B74FF6651}.Release|Any CPU.ActiveCfg = Release|Any CPU
		{F6C7EC14-2551-4463-8C67-AC7B74FF6651}.Release|Any CPU.Build.0 = Release|Any CPU
		{D27BF7FB-502E-4497-958C-9CB9AA211914}.Debug|Any CPU.ActiveCfg = Debug|Any CPU
		{D27BF7FB-502E-4497-958C-9CB9AA211914}.Debug|Any CPU.Build.0 = Debug|Any CPU
		{D27BF7FB-502E-4497-958C-9CB9AA211914}.Release|Any CPU.ActiveCfg = Release|Any CPU
		{D27BF7FB-502E-4497-958C-9CB9AA211914}.Release|Any CPU.Build.0 = Release|Any CPU
		{FA42FA59-4EE5-4494-A9E2-F1CE572FB815}.Debug|Any CPU.ActiveCfg = Debug|Any CPU
		{FA42FA59-4EE5-4494-A9E2-F1CE572FB815}.Debug|Any CPU.Build.0 = Debug|Any CPU
		{FA42FA59-4EE5-4494-A9E2-F1CE572FB815}.Release|Any CPU.ActiveCfg = Release|Any CPU
		{FA42FA59-4EE5-4494-A9E2-F1CE572FB815}.Release|Any CPU.Build.0 = Release|Any CPU
		{9381F8AF-CA7C-4A0E-A54C-6F6BEB1BCACB}.Debug|Any CPU.ActiveCfg = Debug|Any CPU
		{9381F8AF-CA7C-4A0E-A54C-6F6BEB1BCACB}.Debug|Any CPU.Build.0 = Debug|Any CPU
		{9381F8AF-CA7C-4A0E-A54C-6F6BEB1BCACB}.Release|Any CPU.ActiveCfg = Release|Any CPU
		{9381F8AF-CA7C-4A0E-A54C-6F6BEB1BCACB}.Release|Any CPU.Build.0 = Release|Any CPU
		{67EC38BA-FA8E-4CDE-BD50-6E9A74ED2F4C}.Debug|Any CPU.ActiveCfg = Debug|Any CPU
		{67EC38BA-FA8E-4CDE-BD50-6E9A74ED2F4C}.Debug|Any CPU.Build.0 = Debug|Any CPU
		{67EC38BA-FA8E-4CDE-BD50-6E9A74ED2F4C}.Release|Any CPU.ActiveCfg = Release|Any CPU
		{67EC38BA-FA8E-4CDE-BD50-6E9A74ED2F4C}.Release|Any CPU.Build.0 = Release|Any CPU
		{5AB7FB72-1E55-42A4-AE8B-687E6F80A872}.Debug|Any CPU.ActiveCfg = Debug|Any CPU
		{5AB7FB72-1E55-42A4-AE8B-687E6F80A872}.Debug|Any CPU.Build.0 = Debug|Any CPU
		{5AB7FB72-1E55-42A4-AE8B-687E6F80A872}.Release|Any CPU.ActiveCfg = Release|Any CPU
		{5AB7FB72-1E55-42A4-AE8B-687E6F80A872}.Release|Any CPU.Build.0 = Release|Any CPU
		{3CF438A1-FF5C-41BE-9AF5-AF011FE527A6}.Debug|Any CPU.ActiveCfg = Debug|Any CPU
		{3CF438A1-FF5C-41BE-9AF5-AF011FE527A6}.Debug|Any CPU.Build.0 = Debug|Any CPU
		{3CF438A1-FF5C-41BE-9AF5-AF011FE527A6}.Release|Any CPU.ActiveCfg = Release|Any CPU
		{3CF438A1-FF5C-41BE-9AF5-AF011FE527A6}.Release|Any CPU.Build.0 = Release|Any CPU
		{2200617C-A6B2-4B0B-B7FE-2454E7EEBB51}.Debug|Any CPU.ActiveCfg = Debug|Any CPU
		{2200617C-A6B2-4B0B-B7FE-2454E7EEBB51}.Debug|Any CPU.Build.0 = Debug|Any CPU
		{2200617C-A6B2-4B0B-B7FE-2454E7EEBB51}.Release|Any CPU.ActiveCfg = Release|Any CPU
		{2200617C-A6B2-4B0B-B7FE-2454E7EEBB51}.Release|Any CPU.Build.0 = Release|Any CPU
		{ADDCBD7D-111C-4C46-9ACF-6F1826A86804}.Debug|Any CPU.ActiveCfg = Debug|Any CPU
		{ADDCBD7D-111C-4C46-9ACF-6F1826A86804}.Debug|Any CPU.Build.0 = Debug|Any CPU
		{ADDCBD7D-111C-4C46-9ACF-6F1826A86804}.Release|Any CPU.ActiveCfg = Release|Any CPU
		{ADDCBD7D-111C-4C46-9ACF-6F1826A86804}.Release|Any CPU.Build.0 = Release|Any CPU
		{C10CF045-25E2-4FA6-83C1-3E3E5E6171DE}.Debug|Any CPU.ActiveCfg = Debug|Any CPU
		{C10CF045-25E2-4FA6-83C1-3E3E5E6171DE}.Debug|Any CPU.Build.0 = Debug|Any CPU
		{C10CF045-25E2-4FA6-83C1-3E3E5E6171DE}.Release|Any CPU.ActiveCfg = Release|Any CPU
		{C10CF045-25E2-4FA6-83C1-3E3E5E6171DE}.Release|Any CPU.Build.0 = Release|Any CPU
		{CF79E624-9EDA-4FE1-9A25-BAFA85853D5B}.Debug|Any CPU.ActiveCfg = Debug|Any CPU
		{CF79E624-9EDA-4FE1-9A25-BAFA85853D5B}.Debug|Any CPU.Build.0 = Debug|Any CPU
		{CF79E624-9EDA-4FE1-9A25-BAFA85853D5B}.Release|Any CPU.ActiveCfg = Release|Any CPU
		{CF79E624-9EDA-4FE1-9A25-BAFA85853D5B}.Release|Any CPU.Build.0 = Release|Any CPU
		{4F4A0C52-A9D1-4555-967A-5FE5B8C01DD3}.Debug|Any CPU.ActiveCfg = Debug|Any CPU
		{4F4A0C52-A9D1-4555-967A-5FE5B8C01DD3}.Debug|Any CPU.Build.0 = Debug|Any CPU
		{4F4A0C52-A9D1-4555-967A-5FE5B8C01DD3}.Release|Any CPU.ActiveCfg = Release|Any CPU
		{4F4A0C52-A9D1-4555-967A-5FE5B8C01DD3}.Release|Any CPU.Build.0 = Release|Any CPU
		{E29D9470-AB66-41CF-AF91-310905D2D5FE}.Debug|Any CPU.ActiveCfg = Debug|Any CPU
		{E29D9470-AB66-41CF-AF91-310905D2D5FE}.Debug|Any CPU.Build.0 = Debug|Any CPU
		{E29D9470-AB66-41CF-AF91-310905D2D5FE}.Release|Any CPU.ActiveCfg = Release|Any CPU
		{E29D9470-AB66-41CF-AF91-310905D2D5FE}.Release|Any CPU.Build.0 = Release|Any CPU
		{59449D6B-9E2D-4234-BEFD-03E9A89FF8D8}.Debug|Any CPU.ActiveCfg = Debug|Any CPU
		{59449D6B-9E2D-4234-BEFD-03E9A89FF8D8}.Debug|Any CPU.Build.0 = Debug|Any CPU
		{59449D6B-9E2D-4234-BEFD-03E9A89FF8D8}.Release|Any CPU.ActiveCfg = Release|Any CPU
		{59449D6B-9E2D-4234-BEFD-03E9A89FF8D8}.Release|Any CPU.Build.0 = Release|Any CPU
	EndGlobalSection
	GlobalSection(SolutionProperties) = preSolution
		HideSolutionNode = FALSE
	EndGlobalSection
	GlobalSection(ExtensibilityGlobals) = postSolution
		SolutionGuid = {BB34A653-D725-4B1C-AA2E-A8E6ECD5C5DB}
	EndGlobalSection
EndGlobal
