
Microsoft Visual Studio Solution File, Format Version 12.00
# Visual Studio Version 17
VisualStudioVersion = 17.14.37111.16
MinimumVisualStudioVersion = 10.0.40219.1
Project("{FAE04EC0-301F-11D3-BF4B-00C04F79EFBC}") = "Dependency injection", "Dependency injection.csproj", "{E9F9259F-916F-4911-BACE-39EB66C650E7}"
EndProject
Project("{FAE04EC0-301F-11D3-BF4B-00C04F79EFBC}") = "Dependency Injection with DB", "..\Dependency Injection with DB\Dependency Injection with DB.csproj", "{59AB1AB7-0EC5-4742-A68B-CB5ADF6F0EF9}"
EndProject
Project("{FAE04EC0-301F-11D3-BF4B-00C04F79EFBC}") = "JWT", "..\JWT\JWT.csproj", "{5C027D80-1110-474E-B2FD-425651E7A620}"
EndProject
Project("{FAE04EC0-301F-11D3-BF4B-00C04F79EFBC}") = "JWT.DTO", "..\JWT.DTO\JWT.DTO.csproj", "{F6C7EC14-2551-4463-8C67-AC7B74FF6651}"
EndProject
Project("{2150E333-8FDC-42A3-9474-1A3956D46DE8}") = "Solution Items", "Solution Items", "{02EA681E-C7D8-13C7-8484-4AC65E1B71E8}"
	ProjectSection(SolutionItems) = preProject
		.editorconfig = .editorconfig
	EndProjectSection
EndProject
Project("{FAE04EC0-301F-11D3-BF4B-00C04F79EFBC}") = "Inbuild Caching", "..\Inbuild Caching\Inbuild Caching.csproj", "{D27BF7FB-502E-4497-958C-9CB9AA211914}"
EndProject
Project("{FAE04EC0-301F-11D3-BF4B-00C04F79EFBC}") = "Redis", "..\Redis\Redis.csproj", "{FA42FA59-4EE5-4494-A9E2-F1CE572FB815}"
EndProject
Global
	GlobalSection(SolutionConfigurationPlatforms) = preSolution
		Debug|Any CPU = Debug|Any CPU
		Release|Any CPU = Release|Any CPU
	EndGlobalSection
	GlobalSection(ProjectConfigurationPlatforms) = postSolution
		{E9F9259F-916F-4911-BACE-39EB66C650E7}.Debug|Any CPU.ActiveCfg = Debug|Any CPU
		{E9F9259F-916F-4911-BACE-39EB66C650E7}.Debug|Any CPU.Build.0 = Debug|Any CPU
		{E9F9259F-916F-4911-BACE-39EB66C650E7}.Release|Any CPU.ActiveCfg = Release|Any CPU
		{E9F9259F-916F-4911-BACE-39EB66C650E7}.Release|Any CPU.Build.0 = Release|Any CPU
		{59AB1AB7-0EC5-4742-A68B-CB5ADF6F0EF9}.Debug|Any CPU.ActiveCfg = Debug|Any CPU
		{59AB1AB7-0EC5-4742-A68B-CB5ADF6F0EF9}.Debug|Any CPU.Build.0 = Debug|Any CPU
		{59AB1AB7-0EC5-4742-A68B-CB5ADF6F0EF9}.Release|Any CPU.ActiveCfg = Release|Any CPU
		{59AB1AB7-0EC5-4742-A68B-CB5ADF6F0EF9}.Release|Any CPU.Build.0 = Release|Any CPU
		{5C027D80-1110-474E-B2FD-425651E7A620}.Debug|Any CPU.ActiveCfg = Debug|Any CPU
		{5C027D80-1110-474E-B2FD-425651E7A620}.Debug|Any CPU.Build.0 = Debug|Any CPU
		{5C027D80-1110-474E-B2FD-425651E7A620}.Release|Any CPU.ActiveCfg = Release|Any CPU
		{5C027D80-1110-474E-B2FD-425651E7A620}.Release|Any CPU.Build.0 = Release|Any CPU
		{F6C7EC14-2551-4463-8C67-AC7B74FF6651}.Debug|Any CPU.ActiveCfg = Debug|Any CPU
		{F6C7EC14-2551-4463-8C67-AC7B74FF6651}.Debug|Any CPU.Build.0 = Debug|Any CPU
		{F6C7EC14-2551-4463-8C67-AC7B74FF6651}.Release|Any CPU.ActiveCfg = Release|Any CPU
		{F6C7EC14-2551-4463-8C67-AC7B74FF6651}.Release|Any CPU.Build.0 = Release|Any CPU
		{D27BF7FB-502E-4497-958C-9CB9AA211914}.Debug|Any CPU.ActiveCfg = Debug|Any CPU
		{D27BF7FB-502E-4497-958C-9CB9AA211914}.Debug|Any CPU.Build.0 = Debug|Any CPU
		{D27BF7FB-502E-4497-958C-9CB9AA211914}.Release|Any CPU.ActiveCfg = Release|Any CPU
		{D27BF7FB-502E-4497-958C-9CB9AA211914}.Release|Any CPU.Build.0 = Release|Any CPU
		{FA42FA59-4EE5-4494-A9E2-F1CE572FB815}.Debug|Any CPU.ActiveCfg = Debug|Any CPU
		{FA42FA59-4EE5-4494-A9E2-F1CE572FB815}.Debug|Any CPU.Build.0 = Debug|Any CPU
		{FA42FA59-4EE5-4494-A9E2-F1CE572FB815}.Release|Any CPU.ActiveCfg = Release|Any CPU
		{FA42FA59-4EE5-4494-A9E2-F1CE572FB815}.Release|Any CPU.Build.0 = Release|Any CPU
	EndGlobalSection
	GlobalSection(SolutionProperties) = preSolution
		HideSolutionNode = FALSE
	EndGlobalSection
	GlobalSection(ExtensibilityGlobals) = postSolution
		SolutionGuid = {BB34A653-D725-4B1C-AA2E-A8E6ECD5C5DB}
	EndGlobalSection
EndGlobal
